// !$*UTF8*$!
{
	archiveVersion = 1;
	classes = {
	};
	objectVersion = 46;
	objects = {

/* Begin PBXBuildFile section */
		979DE87B1D32986100F9FA41 /* Address.cpp in Sources */ = {isa = PBXBuildFile; fileRef = 979DE8701D32986100F9FA41 /* Address.cpp */; };
		979DE87C1D32986100F9FA41 /* Address.h in Headers */ = {isa = PBXBuildFile; fileRef = 979DE8711D32986100F9FA41 /* Address.h */; };
		979DE87F1D32986100F9FA41 /* config.h in Headers */ = {isa = PBXBuildFile; fileRef = 979DE8741D32986100F9FA41 /* config.h */; };
		979DE8801D32986100F9FA41 /* Listener.cpp in Sources */ = {isa = PBXBuildFile; fileRef = 979DE8751D32986100F9FA41 /* Listener.cpp */; };
		979DE8811D32986100F9FA41 /* Listener.h in Headers */ = {isa = PBXBuildFile; fileRef = 979DE8761D32986100F9FA41 /* Listener.h */; };
		979DE8881D3299E200F9FA41 /* Socket.cpp in Sources */ = {isa = PBXBuildFile; fileRef = 979DE8861D3299E200F9FA41 /* Socket.cpp */; };
		979DE8891D3299E200F9FA41 /* Socket.h in Headers */ = {isa = PBXBuildFile; fileRef = 979DE8871D3299E200F9FA41 /* Socket.h */; };
/* End PBXBuildFile section */

/* Begin PBXFileReference section */
		979DE8701D32986100F9FA41 /* Address.cpp */ = {isa = PBXFileReference; fileEncoding = 4; lastKnownFileType = sourcecode.cpp.cpp; name = Address.cpp; path = libnrsockets/Address.cpp; sourceTree = "<group>"; };
		979DE8711D32986100F9FA41 /* Address.h */ = {isa = PBXFileReference; fileEncoding = 4; lastKnownFileType = sourcecode.c.h; name = Address.h; path = libnrsockets/Address.h; sourceTree = "<group>"; };
		979DE8741D32986100F9FA41 /* config.h */ = {isa = PBXFileReference; fileEncoding = 4; lastKnownFileType = sourcecode.c.h; name = config.h; path = libnrsockets/config.h; sourceTree = "<group>"; };
		979DE8751D32986100F9FA41 /* Listener.cpp */ = {isa = PBXFileReference; fileEncoding = 4; lastKnownFileType = sourcecode.cpp.cpp; name = Listener.cpp; path = libnrsockets/Listener.cpp; sourceTree = "<group>"; };
		979DE8761D32986100F9FA41 /* Listener.h */ = {isa = PBXFileReference; fileEncoding = 4; lastKnownFileType = sourcecode.c.h; name = Listener.h; path = libnrsockets/Listener.h; sourceTree = "<group>"; };
		979DE8861D3299E200F9FA41 /* Socket.cpp */ = {isa = PBXFileReference; fileEncoding = 4; lastKnownFileType = sourcecode.cpp.cpp; name = Socket.cpp; path = libnrsockets/Socket.cpp; sourceTree = "<group>"; };
		979DE8871D3299E200F9FA41 /* Socket.h */ = {isa = PBXFileReference; fileEncoding = 4; lastKnownFileType = sourcecode.c.h; name = Socket.h; path = libnrsockets/Socket.h; sourceTree = "<group>"; };
		97B4666F1C9AE41D00DD2C30 /* libNrSockets.a */ = {isa = PBXFileReference; explicitFileType = archive.ar; includeInIndex = 0; path = libNrSockets.a; sourceTree = BUILT_PRODUCTS_DIR; };
/* End PBXFileReference section */

/* Begin PBXFrameworksBuildPhase section */
		97B4666C1C9AE41D00DD2C30 /* Frameworks */ = {
			isa = PBXFrameworksBuildPhase;
			buildActionMask = 2147483647;
			files = (
			);
			runOnlyForDeploymentPostprocessing = 0;
		};
/* End PBXFrameworksBuildPhase section */

/* Begin PBXGroup section */
		97B466661C9AE41D00DD2C30 = {
			isa = PBXGroup;
			children = (
				97B466761C9AE4B200DD2C30 /* nrsockets */,
				97B466701C9AE41D00DD2C30 /* Products */,
			);
			sourceTree = "<group>";
		};
		97B466701C9AE41D00DD2C30 /* Products */ = {
			isa = PBXGroup;
			children = (
				97B4666F1C9AE41D00DD2C30 /* libNrSockets.a */,
			);
			name = Products;
			sourceTree = "<group>";
		};
		97B466761C9AE4B200DD2C30 /* nrsockets */ = {
			isa = PBXGroup;
			children = (
				97B466931C9AE4DC00DD2C30 /* authentication */,
				979DE8701D32986100F9FA41 /* Address.cpp */,
				979DE8711D32986100F9FA41 /* Address.h */,
				979DE8741D32986100F9FA41 /* config.h */,
				979DE8751D32986100F9FA41 /* Listener.cpp */,
				979DE8761D32986100F9FA41 /* Listener.h */,
				979DE8871D3299E200F9FA41 /* Socket.h */,
				979DE8861D3299E200F9FA41 /* Socket.cpp */,
			);
			name = nrsockets;
			sourceTree = "<group>";
		};
		97B466931C9AE4DC00DD2C30 /* authentication */ = {
			isa = PBXGroup;
			children = (
			);
			name = authentication;
			sourceTree = "<group>";
		};
/* End PBXGroup section */

/* Begin PBXHeadersBuildPhase section */
		97B4666D1C9AE41D00DD2C30 /* Headers */ = {
			isa = PBXHeadersBuildPhase;
			buildActionMask = 2147483647;
			files = (
				979DE8811D32986100F9FA41 /* Listener.h in Headers */,
				979DE87C1D32986100F9FA41 /* Address.h in Headers */,
				979DE87F1D32986100F9FA41 /* config.h in Headers */,
				979DE8891D3299E200F9FA41 /* Socket.h in Headers */,
			);
			runOnlyForDeploymentPostprocessing = 0;
		};
/* End PBXHeadersBuildPhase section */

/* Begin PBXNativeTarget section */
		97B4666E1C9AE41D00DD2C30 /* NrSockets */ = {
			isa = PBXNativeTarget;
			buildConfigurationList = 97B466731C9AE41D00DD2C30 /* Build configuration list for PBXNativeTarget "NrSockets" */;
			buildPhases = (
				97B4666B1C9AE41D00DD2C30 /* Sources */,
				97B4666C1C9AE41D00DD2C30 /* Frameworks */,
				97B4666D1C9AE41D00DD2C30 /* Headers */,
			);
			buildRules = (
			);
			dependencies = (
			);
			name = NrSockets;
			productName = NrSockets;
			productReference = 97B4666F1C9AE41D00DD2C30 /* libNrSockets.a */;
			productType = "com.apple.product-type.library.static";
		};
/* End PBXNativeTarget section */

/* Begin PBXProject section */
		97B466671C9AE41D00DD2C30 /* Project object */ = {
			isa = PBXProject;
			attributes = {
				LastUpgradeCheck = 0730;
				ORGANIZATIONNAME = "Liquidsoft Studio";
				TargetAttributes = {
					97B4666E1C9AE41D00DD2C30 = {
						CreatedOnToolsVersion = 7.3;
					};
				};
			};
			buildConfigurationList = 97B4666A1C9AE41D00DD2C30 /* Build configuration list for PBXProject "LibNrSockets" */;
			compatibilityVersion = "Xcode 3.2";
			developmentRegion = English;
			hasScannedForEncodings = 0;
			knownRegions = (
				en,
			);
			mainGroup = 97B466661C9AE41D00DD2C30;
			productRefGroup = 97B466701C9AE41D00DD2C30 /* Products */;
			projectDirPath = "";
			projectRoot = "";
			targets = (
				97B4666E1C9AE41D00DD2C30 /* NrSockets */,
			);
		};
/* End PBXProject section */

/* Begin PBXSourcesBuildPhase section */
		97B4666B1C9AE41D00DD2C30 /* Sources */ = {
			isa = PBXSourcesBuildPhase;
			buildActionMask = 2147483647;
			files = (
				979DE8881D3299E200F9FA41 /* Socket.cpp in Sources */,
				979DE87B1D32986100F9FA41 /* Address.cpp in Sources */,
				979DE8801D32986100F9FA41 /* Listener.cpp in Sources */,
			);
			runOnlyForDeploymentPostprocessing = 0;
		};
/* End PBXSourcesBuildPhase section */

/* Begin XCBuildConfiguration section */
		97B466711C9AE41D00DD2C30 /* Debug */ = {
			isa = XCBuildConfiguration;
			buildSettings = {
				ALWAYS_SEARCH_USER_PATHS = NO;
				CLANG_ANALYZER_NONNULL = YES;
				CLANG_CXX_LANGUAGE_STANDARD = "gnu++0x";
				CLANG_CXX_LIBRARY = "libc++";
				CLANG_ENABLE_MODULES = YES;
				CLANG_ENABLE_OBJC_ARC = YES;
				CLANG_WARN_BOOL_CONVERSION = YES;
				CLANG_WARN_CONSTANT_CONVERSION = YES;
				CLANG_WARN_DIRECT_OBJC_ISA_USAGE = YES_ERROR;
				CLANG_WARN_EMPTY_BODY = YES;
				CLANG_WARN_ENUM_CONVERSION = YES;
				CLANG_WARN_INT_CONVERSION = YES;
				CLANG_WARN_OBJC_ROOT_CLASS = YES_ERROR;
				CLANG_WARN_UNREACHABLE_CODE = YES;
				CLANG_WARN__DUPLICATE_METHOD_MATCH = YES;
				CODE_SIGN_IDENTITY = "-";
				COPY_PHASE_STRIP = NO;
				DEBUG_INFORMATION_FORMAT = dwarf;
				ENABLE_STRICT_OBJC_MSGSEND = YES;
				ENABLE_TESTABILITY = YES;
				GCC_C_LANGUAGE_STANDARD = gnu99;
				GCC_DYNAMIC_NO_PIC = NO;
				GCC_NO_COMMON_BLOCKS = YES;
				GCC_OPTIMIZATION_LEVEL = 0;
				GCC_PREPROCESSOR_DEFINITIONS = (
					"DEBUG=1",
					"$(inherited)",
				);
				GCC_WARN_64_TO_32_BIT_CONVERSION = YES;
				GCC_WARN_ABOUT_RETURN_TYPE = YES_ERROR;
				GCC_WARN_UNDECLARED_SELECTOR = YES;
				GCC_WARN_UNINITIALIZED_AUTOS = YES_AGGRESSIVE;
				GCC_WARN_UNUSED_FUNCTION = YES;
				GCC_WARN_UNUSED_VARIABLE = YES;
				MACOSX_DEPLOYMENT_TARGET = 10.11;
				MTL_ENABLE_DEBUG_INFO = YES;
				ONLY_ACTIVE_ARCH = YES;
				SDKROOT = macosx;
			};
			name = Debug;
		};
		97B466721C9AE41D00DD2C30 /* Release */ = {
			isa = XCBuildConfiguration;
			buildSettings = {
				ALWAYS_SEARCH_USER_PATHS = NO;
				CLANG_ANALYZER_NONNULL = YES;
				CLANG_CXX_LANGUAGE_STANDARD = "gnu++0x";
				CLANG_CXX_LIBRARY = "libc++";
				CLANG_ENABLE_MODULES = YES;
				CLANG_ENABLE_OBJC_ARC = YES;
				CLANG_WARN_BOOL_CONVERSION = YES;
				CLANG_WARN_CONSTANT_CONVERSION = YES;
				CLANG_WARN_DIRECT_OBJC_ISA_USAGE = YES_ERROR;
				CLANG_WARN_EMPTY_BODY = YES;
				CLANG_WARN_ENUM_CONVERSION = YES;
				CLANG_WARN_INT_CONVERSION = YES;
				CLANG_WARN_OBJC_ROOT_CLASS = YES_ERROR;
				CLANG_WARN_UNREACHABLE_CODE = YES;
				CLANG_WARN__DUPLICATE_METHOD_MATCH = YES;
				CODE_SIGN_IDENTITY = "-";
				COPY_PHASE_STRIP = NO;
				DEBUG_INFORMATION_FORMAT = "dwarf-with-dsym";
				ENABLE_NS_ASSERTIONS = NO;
				ENABLE_STRICT_OBJC_MSGSEND = YES;
				GCC_C_LANGUAGE_STANDARD = gnu99;
				GCC_NO_COMMON_BLOCKS = YES;
				GCC_WARN_64_TO_32_BIT_CONVERSION = YES;
				GCC_WARN_ABOUT_RETURN_TYPE = YES_ERROR;
				GCC_WARN_UNDECLARED_SELECTOR = YES;
				GCC_WARN_UNINITIALIZED_AUTOS = YES_AGGRESSIVE;
				GCC_WARN_UNUSED_FUNCTION = YES;
				GCC_WARN_UNUSED_VARIABLE = YES;
				MACOSX_DEPLOYMENT_TARGET = 10.11;
				MTL_ENABLE_DEBUG_INFO = NO;
				SDKROOT = macosx;
			};
			name = Release;
		};
		97B466741C9AE41D00DD2C30 /* Debug */ = {
			isa = XCBuildConfiguration;
			buildSettings = {
				EXECUTABLE_PREFIX = lib;
				HEADER_SEARCH_PATHS = (
					/usr/local/opt/libevent/include,
					"\"$(SRCROOT)/../libNRCore\"",
					"\"$(SRCROOT)/../libNrIO\"",
					"\"$(SRCROOT)/../libNrEvent\"",
					"\"$(SRCROOT)/../libNrThreads\"",
					"\"$(SRCROOT)/../libNrMemory\"",
					"\"$(SRCROOT)/../libNrDebug\"",
					"\"$(SRCROOT)/\"",
				);
				PRODUCT_NAME = "$(TARGET_NAME)";
			};
			name = Debug;
		};
		97B466751C9AE41D00DD2C30 /* Release */ = {
			isa = XCBuildConfiguration;
			buildSettings = {
				EXECUTABLE_PREFIX = lib;
				HEADER_SEARCH_PATHS = (
					/usr/local/opt/libevent/include,
					"\"$(SRCROOT)/../libNRCore\"",
					"\"$(SRCROOT)/../libNrIO\"",
					"\"$(SRCROOT)/../libNrEvent\"",
					"\"$(SRCROOT)/../libNrThreads\"",
					"\"$(SRCROOT)/../libNrMemory\"",
					"\"$(SRCROOT)/../libNrDebug\"",
					"\"$(SRCROOT)/\"",
				);
				PRODUCT_NAME = "$(TARGET_NAME)";
			};
			name = Release;
		};
/* End XCBuildConfiguration section */

/* Begin XCConfigurationList section */
		97B4666A1C9AE41D00DD2C30 /* Build configuration list for PBXProject "LibNrSockets" */ = {
			isa = XCConfigurationList;
			buildConfigurations = (
				97B466711C9AE41D00DD2C30 /* Debug */,
				97B466721C9AE41D00DD2C30 /* Release */,
			);
			defaultConfigurationIsVisible = 0;
			defaultConfigurationName = Release;
		};
		97B466731C9AE41D00DD2C30 /* Build configuration list for PBXNativeTarget "NrSockets" */ = {
			isa = XCConfigurationList;
			buildConfigurations = (
				97B466741C9AE41D00DD2C30 /* Debug */,
				97B466751C9AE41D00DD2C30 /* Release */,
			);
			defaultConfigurationIsVisible = 0;
			defaultConfigurationName = Release;
		};
/* End XCConfigurationList section */
	};
	rootObject = 97B466671C9AE41D00DD2C30 /* Project object */;
}
